// !$*UTF8*$!
{
	archiveVersion = 1;
	classes = {
	};
	objectVersion = 56;
	objects = {

/* Begin PBXBuildFile section */
		5D6FDAD42C3CE962003D98A5 /* AppDelegate.swift in Sources */ = {isa = PBXBuildFile; fileRef = 5D6FDAD32C3CE962003D98A5 /* AppDelegate.swift */; };
		5D6FDAD62C3CE962003D98A5 /* SceneDelegate.swift in Sources */ = {isa = PBXBuildFile; fileRef = 5D6FDAD52C3CE962003D98A5 /* SceneDelegate.swift */; };
		5D6FDAD82C3CE962003D98A5 /* ViewController.swift in Sources */ = {isa = PBXBuildFile; fileRef = 5D6FDAD72C3CE962003D98A5 /* ViewController.swift */; };
		5D6FDADB2C3CE962003D98A5 /* Base in Resources */ = {isa = PBXBuildFile; fileRef = 5D6FDADA2C3CE962003D98A5 /* Base */; };
		5D6FDADD2C3CE963003D98A5 /* Assets.xcassets in Resources */ = {isa = PBXBuildFile; fileRef = 5D6FDADC2C3CE963003D98A5 /* Assets.xcassets */; };
		5D6FDAE02C3CE963003D98A5 /* Base in Resources */ = {isa = PBXBuildFile; fileRef = 5D6FDADF2C3CE963003D98A5 /* Base */; };
		5D6FDAEB2C3CE963003D98A5 /* TicTacToeTests.swift in Sources */ = {isa = PBXBuildFile; fileRef = 5D6FDAEA2C3CE963003D98A5 /* TicTacToeTests.swift */; };
		5D6FDAF52C3CE964003D98A5 /* TicTacToeUITests.swift in Sources */ = {isa = PBXBuildFile; fileRef = 5D6FDAF42C3CE964003D98A5 /* TicTacToeUITests.swift */; };
		5D6FDAF72C3CE964003D98A5 /* TicTacToeUITestsLaunchTests.swift in Sources */ = {isa = PBXBuildFile; fileRef = 5D6FDAF62C3CE964003D98A5 /* TicTacToeUITestsLaunchTests.swift */; };
/* End PBXBuildFile section */

/* Begin PBXContainerItemProxy section */
		5D6FDAE72C3CE963003D98A5 /* PBXContainerItemProxy */ = {
			isa = PBXContainerItemProxy;
			containerPortal = 5D6FDAC82C3CE962003D98A5 /* Project object */;
			proxyType = 1;
			remoteGlobalIDString = 5D6FDACF2C3CE962003D98A5;
			remoteInfo = TicTacToe;
		};
		5D6FDAF12C3CE964003D98A5 /* PBXContainerItemProxy */ = {
			isa = PBXContainerItemProxy;
			containerPortal = 5D6FDAC82C3CE962003D98A5 /* Project object */;
			proxyType = 1;
			remoteGlobalIDString = 5D6FDACF2C3CE962003D98A5;
			remoteInfo = TicTacToe;
		};
/* End PBXContainerItemProxy section */

/* Begin PBXFileReference section */
		5D6FDAD02C3CE962003D98A5 /* TicTacToe.app */ = {isa = PBXFileReference; explicitFileType = wrapper.application; includeInIndex = 0; path = TicTacToe.app; sourceTree = BUILT_PRODUCTS_DIR; };
		5D6FDAD32C3CE962003D98A5 /* AppDelegate.swift */ = {isa = PBXFileReference; lastKnownFileType = sourcecode.swift; path = AppDelegate.swift; sourceTree = "<group>"; };
		5D6FDAD52C3CE962003D98A5 /* SceneDelegate.swift */ = {isa = PBXFileReference; lastKnownFileType = sourcecode.swift; path = SceneDelegate.swift; sourceTree = "<group>"; };
		5D6FDAD72C3CE962003D98A5 /* ViewController.swift */ = {isa = PBXFileReference; lastKnownFileType = sourcecode.swift; path = ViewController.swift; sourceTree = "<group>"; };
		5D6FDADA2C3CE962003D98A5 /* Base */ = {isa = PBXFileReference; lastKnownFileType = file.storyboard; name = Base; path = Base.lproj/Main.storyboard; sourceTree = "<group>"; };
		5D6FDADC2C3CE963003D98A5 /* Assets.xcassets */ = {isa = PBXFileReference; lastKnownFileType = folder.assetcatalog; path = Assets.xcassets; sourceTree = "<group>"; };
		5D6FDADF2C3CE963003D98A5 /* Base */ = {isa = PBXFileReference; lastKnownFileType = file.storyboard; name = Base; path = Base.lproj/LaunchScreen.storyboard; sourceTree = "<group>"; };
		5D6FDAE12C3CE963003D98A5 /* Info.plist */ = {isa = PBXFileReference; lastKnownFileType = text.plist.xml; path = Info.plist; sourceTree = "<group>"; };
		5D6FDAE62C3CE963003D98A5 /* TicTacToeTests.xctest */ = {isa = PBXFileReference; explicitFileType = wrapper.cfbundle; includeInIndex = 0; path = TicTacToeTests.xctest; sourceTree = BUILT_PRODUCTS_DIR; };
		5D6FDAEA2C3CE963003D98A5 /* TicTacToeTests.swift */ = {isa = PBXFileReference; lastKnownFileType = sourcecode.swift; path = TicTacToeTests.swift; sourceTree = "<group>"; };
		5D6FDAF02C3CE964003D98A5 /* TicTacToeUITests.xctest */ = {isa = PBXFileReference; explicitFileType = wrapper.cfbundle; includeInIndex = 0; path = TicTacToeUITests.xctest; sourceTree = BUILT_PRODUCTS_DIR; };
		5D6FDAF42C3CE964003D98A5 /* TicTacToeUITests.swift */ = {isa = PBXFileReference; lastKnownFileType = sourcecode.swift; path = TicTacToeUITests.swift; sourceTree = "<group>"; };
		5D6FDAF62C3CE964003D98A5 /* TicTacToeUITestsLaunchTests.swift */ = {isa = PBXFileReference; lastKnownFileType = sourcecode.swift; path = TicTacToeUITestsLaunchTests.swift; sourceTree = "<group>"; };
/* End PBXFileReference section */

/* Begin PBXFrameworksBuildPhase section */
		5D6FDACD2C3CE962003D98A5 /* Frameworks */ = {
			isa = PBXFrameworksBuildPhase;
			buildActionMask = 2147483647;
			files = (
			);
			runOnlyForDeploymentPostprocessing = 0;
		};
		5D6FDAE32C3CE963003D98A5 /* Frameworks */ = {
			isa = PBXFrameworksBuildPhase;
			buildActionMask = 2147483647;
			files = (
			);
			runOnlyForDeploymentPostprocessing = 0;
		};
		5D6FDAED2C3CE964003D98A5 /* Frameworks */ = {
			isa = PBXFrameworksBuildPhase;
			buildActionMask = 2147483647;
			files = (
			);
			runOnlyForDeploymentPostprocessing = 0;
		};
/* End PBXFrameworksBuildPhase section */

/* Begin PBXGroup section */
		5D6FDAC72C3CE962003D98A5 = {
			isa = PBXGroup;
			children = (
				5D6FDAD22C3CE962003D98A5 /* TicTacToe */,
				5D6FDAE92C3CE963003D98A5 /* TicTacToeTests */,
				5D6FDAF32C3CE964003D98A5 /* TicTacToeUITests */,
				5D6FDAD12C3CE962003D98A5 /* Products */,
			);
			sourceTree = "<group>";
		};
		5D6FDAD12C3CE962003D98A5 /* Products */ = {
			isa = PBXGroup;
			children = (
				5D6FDAD02C3CE962003D98A5 /* TicTacToe.app */,
				5D6FDAE62C3CE963003D98A5 /* TicTacToeTests.xctest */,
				5D6FDAF02C3CE964003D98A5 /* TicTacToeUITests.xctest */,
			);
			name = Products;
			sourceTree = "<group>";
		};
		5D6FDAD22C3CE962003D98A5 /* TicTacToe */ = {
			isa = PBXGroup;
			children = (
				5D6FDAD32C3CE962003D98A5 /* AppDelegate.swift */,
				5D6FDAD52C3CE962003D98A5 /* SceneDelegate.swift */,
				5D6FDAD72C3CE962003D98A5 /* ViewController.swift */,
				5D6FDAD92C3CE962003D98A5 /* Main.storyboard */,
				5D6FDADC2C3CE963003D98A5 /* Assets.xcassets */,
				5D6FDADE2C3CE963003D98A5 /* LaunchScreen.storyboard */,
				5D6FDAE12C3CE963003D98A5 /* Info.plist */,
			);
			path = TicTacToe;
			sourceTree = "<group>";
		};
		5D6FDAE92C3CE963003D98A5 /* TicTacToeTests */ = {
			isa = PBXGroup;
			children = (
				5D6FDAEA2C3CE963003D98A5 /* TicTacToeTests.swift */,
			);
			path = TicTacToeTests;
			sourceTree = "<group>";
		};
		5D6FDAF32C3CE964003D98A5 /* TicTacToeUITests */ = {
			isa = PBXGroup;
			children = (
				5D6FDAF42C3CE964003D98A5 /* TicTacToeUITests.swift */,
				5D6FDAF62C3CE964003D98A5 /* TicTacToeUITestsLaunchTests.swift */,
			);
			path = TicTacToeUITests;
			sourceTree = "<group>";
		};
/* End PBXGroup section */

/* Begin PBXNativeTarget section */
		5D6FDACF2C3CE962003D98A5 /* TicTacToe */ = {
			isa = PBXNativeTarget;
			buildConfigurationList = 5D6FDAFA2C3CE964003D98A5 /* Build configuration list for PBXNativeTarget "TicTacToe" */;
			buildPhases = (
				5D6FDACC2C3CE962003D98A5 /* Sources */,
				5D6FDACD2C3CE962003D98A5 /* Frameworks */,
				5D6FDACE2C3CE962003D98A5 /* Resources */,
			);
			buildRules = (
			);
			dependencies = (
			);
			name = TicTacToe;
			productName = TicTacToe;
			productReference = 5D6FDAD02C3CE962003D98A5 /* TicTacToe.app */;
			productType = "com.apple.product-type.application";
		};
		5D6FDAE52C3CE963003D98A5 /* TicTacToeTests */ = {
			isa = PBXNativeTarget;
			buildConfigurationList = 5D6FDAFD2C3CE964003D98A5 /* Build configuration list for PBXNativeTarget "TicTacToeTests" */;
			buildPhases = (
				5D6FDAE22C3CE963003D98A5 /* Sources */,
				5D6FDAE32C3CE963003D98A5 /* Frameworks */,
				5D6FDAE42C3CE963003D98A5 /* Resources */,
			);
			buildRules = (
			);
			dependencies = (
				5D6FDAE82C3CE963003D98A5 /* PBXTargetDependency */,
			);
			name = TicTacToeTests;
			productName = TicTacToeTests;
			productReference = 5D6FDAE62C3CE963003D98A5 /* TicTacToeTests.xctest */;
			productType = "com.apple.product-type.bundle.unit-test";
		};
		5D6FDAEF2C3CE964003D98A5 /* TicTacToeUITests */ = {
			isa = PBXNativeTarget;
			buildConfigurationList = 5D6FDB002C3CE964003D98A5 /* Build configuration list for PBXNativeTarget "TicTacToeUITests" */;
			buildPhases = (
				5D6FDAEC2C3CE964003D98A5 /* Sources */,
				5D6FDAED2C3CE964003D98A5 /* Frameworks */,
				5D6FDAEE2C3CE964003D98A5 /* Resources */,
			);
			buildRules = (
			);
			dependencies = (
				5D6FDAF22C3CE964003D98A5 /* PBXTargetDependency */,
			);
			name = TicTacToeUITests;
			productName = TicTacToeUITests;
			productReference = 5D6FDAF02C3CE964003D98A5 /* TicTacToeUITests.xctest */;
			productType = "com.apple.product-type.bundle.ui-testing";
		};
/* End PBXNativeTarget section */

/* Begin PBXProject section */
		5D6FDAC82C3CE962003D98A5 /* Project object */ = {
			isa = PBXProject;
			attributes = {
				BuildIndependentTargetsInParallel = 1;
				LastSwiftUpdateCheck = 1540;
				LastUpgradeCheck = 1540;
				TargetAttributes = {
					5D6FDACF2C3CE962003D98A5 = {
						CreatedOnToolsVersion = 15.4;
					};
					5D6FDAE52C3CE963003D98A5 = {
						CreatedOnToolsVersion = 15.4;
						TestTargetID = 5D6FDACF2C3CE962003D98A5;
					};
					5D6FDAEF2C3CE964003D98A5 = {
						CreatedOnToolsVersion = 15.4;
						TestTargetID = 5D6FDACF2C3CE962003D98A5;
					};
				};
			};
			buildConfigurationList = 5D6FDACB2C3CE962003D98A5 /* Build configuration list for PBXProject "TicTacToe" */;
			compatibilityVersion = "Xcode 14.0";
			developmentRegion = en;
			hasScannedForEncodings = 0;
			knownRegions = (
				en,
				Base,
			);
			mainGroup = 5D6FDAC72C3CE962003D98A5;
			productRefGroup = 5D6FDAD12C3CE962003D98A5 /* Products */;
			projectDirPath = "";
			projectRoot = "";
			targets = (
				5D6FDACF2C3CE962003D98A5 /* TicTacToe */,
				5D6FDAE52C3CE963003D98A5 /* TicTacToeTests */,
				5D6FDAEF2C3CE964003D98A5 /* TicTacToeUITests */,
			);
		};
/* End PBXProject section */

/* Begin PBXResourcesBuildPhase section */
		5D6FDACE2C3CE962003D98A5 /* Resources */ = {
			isa = PBXResourcesBuildPhase;
			buildActionMask = 2147483647;
			files = (
				5D6FDADD2C3CE963003D98A5 /* Assets.xcassets in Resources */,
				5D6FDAE02C3CE963003D98A5 /* Base in Resources */,
				5D6FDADB2C3CE962003D98A5 /* Base in Resources */,
			);
			runOnlyForDeploymentPostprocessing = 0;
		};
		5D6FDAE42C3CE963003D98A5 /* Resources */ = {
			isa = PBXResourcesBuildPhase;
			buildActionMask = 2147483647;
			files = (
			);
			runOnlyForDeploymentPostprocessing = 0;
		};
		5D6FDAEE2C3CE964003D98A5 /* Resources */ = {
			isa = PBXResourcesBuildPhase;
			buildActionMask = 2147483647;
			files = (
			);
			runOnlyForDeploymentPostprocessing = 0;
		};
/* End PBXResourcesBuildPhase section */

/* Begin PBXSourcesBuildPhase section */
		5D6FDACC2C3CE962003D98A5 /* Sources */ = {
			isa = PBXSourcesBuildPhase;
			buildActionMask = 2147483647;
			files = (
				5D6FDAD82C3CE962003D98A5 /* ViewController.swift in Sources */,
				5D6FDAD42C3CE962003D98A5 /* AppDelegate.swift in Sources */,
				5D6FDAD62C3CE962003D98A5 /* SceneDelegate.swift in Sources */,
			);
			runOnlyForDeploymentPostprocessing = 0;
		};
		5D6FDAE22C3CE963003D98A5 /* Sources */ = {
			isa = PBXSourcesBuildPhase;
			buildActionMask = 2147483647;
			files = (
				5D6FDAEB2C3CE963003D98A5 /* TicTacToeTests.swift in Sources */,
			);
			runOnlyForDeploymentPostprocessing = 0;
		};
		5D6FDAEC2C3CE964003D98A5 /* Sources */ = {
			isa = PBXSourcesBuildPhase;
			buildActionMask = 2147483647;
			files = (
				5D6FDAF52C3CE964003D98A5 /* TicTacToeUITests.swift in Sources */,
				5D6FDAF72C3CE964003D98A5 /* TicTacToeUITestsLaunchTests.swift in Sources */,
			);
			runOnlyForDeploymentPostprocessing = 0;
		};
/* End PBXSourcesBuildPhase section */

/* Begin PBXTargetDependency section */
		5D6FDAE82C3CE963003D98A5 /* PBXTargetDependency */ = {
			isa = PBXTargetDependency;
			target = 5D6FDACF2C3CE962003D98A5 /* TicTacToe */;
			targetProxy = 5D6FDAE72C3CE963003D98A5 /* PBXContainerItemProxy */;
		};
		5D6FDAF22C3CE964003D98A5 /* PBXTargetDependency */ = {
			isa = PBXTargetDependency;
			target = 5D6FDACF2C3CE962003D98A5 /* TicTacToe */;
			targetProxy = 5D6FDAF12C3CE964003D98A5 /* PBXContainerItemProxy */;
		};
/* End PBXTargetDependency section */

/* Begin PBXVariantGroup section */
		5D6FDAD92C3CE962003D98A5 /* Main.storyboard */ = {
			isa = PBXVariantGroup;
			children = (
				5D6FDADA2C3CE962003D98A5 /* Base */,
			);
			name = Main.storyboard;
			sourceTree = "<group>";
		};
		5D6FDADE2C3CE963003D98A5 /* LaunchScreen.storyboard */ = {
			isa = PBXVariantGroup;
			children = (
				5D6FDADF2C3CE963003D98A5 /* Base */,
			);
			name = LaunchScreen.storyboard;
			sourceTree = "<group>";
		};
/* End PBXVariantGroup section */

/* Begin XCBuildConfiguration section */
		5D6FDAF82C3CE964003D98A5 /* Debug */ = {
			isa = XCBuildConfiguration;
			buildSettings = {
				ALWAYS_SEARCH_USER_PATHS = NO;
				ASSETCATALOG_COMPILER_GENERATE_SWIFT_ASSET_SYMBOL_EXTENSIONS = YES;
				CLANG_ANALYZER_NONNULL = YES;
				CLANG_ANALYZER_NUMBER_OBJECT_CONVERSION = YES_AGGRESSIVE;
				CLANG_CXX_LANGUAGE_STANDARD = "gnu++20";
				CLANG_ENABLE_MODULES = YES;
				CLANG_ENABLE_OBJC_ARC = YES;
				CLANG_ENABLE_OBJC_WEAK = YES;
				CLANG_WARN_BLOCK_CAPTURE_AUTORELEASING = YES;
				CLANG_WARN_BOOL_CONVERSION = YES;
				CLANG_WARN_COMMA = YES;
				CLANG_WARN_CONSTANT_CONVERSION = YES;
				CLANG_WARN_DEPRECATED_OBJC_IMPLEMENTATIONS = YES;
				CLANG_WARN_DIRECT_OBJC_ISA_USAGE = YES_ERROR;
				CLANG_WARN_DOCUMENTATION_COMMENTS = YES;
				CLANG_WARN_EMPTY_BODY = YES;
				CLANG_WARN_ENUM_CONVERSION = YES;
				CLANG_WARN_INFINITE_RECURSION = YES;
				CLANG_WARN_INT_CONVERSION = YES;
				CLANG_WARN_NON_LITERAL_NULL_CONVERSION = YES;
				CLANG_WARN_OBJC_IMPLICIT_RETAIN_SELF = YES;
				CLANG_WARN_OBJC_LITERAL_CONVERSION = YES;
				CLANG_WARN_OBJC_ROOT_CLASS = YES_ERROR;
				CLANG_WARN_QUOTED_INCLUDE_IN_FRAMEWORK_HEADER = YES;
				CLANG_WARN_RANGE_LOOP_ANALYSIS = YES;
				CLANG_WARN_STRICT_PROTOTYPES = YES;
				CLANG_WARN_SUSPICIOUS_MOVE = YES;
				CLANG_WARN_UNGUARDED_AVAILABILITY = YES_AGGRESSIVE;
				CLANG_WARN_UNREACHABLE_CODE = YES;
				CLANG_WARN__DUPLICATE_METHOD_MATCH = YES;
				COPY_PHASE_STRIP = NO;
				DEBUG_INFORMATION_FORMAT = dwarf;
				ENABLE_STRICT_OBJC_MSGSEND = YES;
				ENABLE_TESTABILITY = YES;
				ENABLE_USER_SCRIPT_SANDBOXING = YES;
				GCC_C_LANGUAGE_STANDARD = gnu17;
				GCC_DYNAMIC_NO_PIC = NO;
				GCC_NO_COMMON_BLOCKS = YES;
				GCC_OPTIMIZATION_LEVEL = 0;
				GCC_PREPROCESSOR_DEFINITIONS = (
					"DEBUG=1",
					"$(inherited)",
				);
				GCC_WARN_64_TO_32_BIT_CONVERSION = YES;
				GCC_WARN_ABOUT_RETURN_TYPE = YES_ERROR;
				GCC_WARN_UNDECLARED_SELECTOR = YES;
				GCC_WARN_UNINITIALIZED_AUTOS = YES_AGGRESSIVE;
				GCC_WARN_UNUSED_FUNCTION = YES;
				GCC_WARN_UNUSED_VARIABLE = YES;
				IPHONEOS_DEPLOYMENT_TARGET = 17.5;
				LOCALIZATION_PREFERS_STRING_CATALOGS = YES;
				MTL_ENABLE_DEBUG_INFO = INCLUDE_SOURCE;
				MTL_FAST_MATH = YES;
				ONLY_ACTIVE_ARCH = YES;
				SDKROOT = iphoneos;
				SWIFT_ACTIVE_COMPILATION_CONDITIONS = "DEBUG $(inherited)";
				SWIFT_OPTIMIZATION_LEVEL = "-Onone";
			};
			name = Debug;
		};
		5D6FDAF92C3CE964003D98A5 /* Release */ = {
			isa = XCBuildConfiguration;
			buildSettings = {
				ALWAYS_SEARCH_USER_PATHS = NO;
				ASSETCATALOG_COMPILER_GENERATE_SWIFT_ASSET_SYMBOL_EXTENSIONS = YES;
				CLANG_ANALYZER_NONNULL = YES;
				CLANG_ANALYZER_NUMBER_OBJECT_CONVERSION = YES_AGGRESSIVE;
				CLANG_CXX_LANGUAGE_STANDARD = "gnu++20";
				CLANG_ENABLE_MODULES = YES;
				CLANG_ENABLE_OBJC_ARC = YES;
				CLANG_ENABLE_OBJC_WEAK = YES;
				CLANG_WARN_BLOCK_CAPTURE_AUTORELEASING = YES;
				CLANG_WARN_BOOL_CONVERSION = YES;
				CLANG_WARN_COMMA = YES;
				CLANG_WARN_CONSTANT_CONVERSION = YES;
				CLANG_WARN_DEPRECATED_OBJC_IMPLEMENTATIONS = YES;
				CLANG_WARN_DIRECT_OBJC_ISA_USAGE = YES_ERROR;
				CLANG_WARN_DOCUMENTATION_COMMENTS = YES;
				CLANG_WARN_EMPTY_BODY = YES;
				CLANG_WARN_ENUM_CONVERSION = YES;
				CLANG_WARN_INFINITE_RECURSION = YES;
				CLANG_WARN_INT_CONVERSION = YES;
				CLANG_WARN_NON_LITERAL_NULL_CONVERSION = YES;
				CLANG_WARN_OBJC_IMPLICIT_RETAIN_SELF = YES;
				CLANG_WARN_OBJC_LITERAL_CONVERSION = YES;
				CLANG_WARN_OBJC_ROOT_CLASS = YES_ERROR;
				CLANG_WARN_QUOTED_INCLUDE_IN_FRAMEWORK_HEADER = YES;
				CLANG_WARN_RANGE_LOOP_ANALYSIS = YES;
				CLANG_WARN_STRICT_PROTOTYPES = YES;
				CLANG_WARN_SUSPICIOUS_MOVE = YES;
				CLANG_WARN_UNGUARDED_AVAILABILITY = YES_AGGRESSIVE;
				CLANG_WARN_UNREACHABLE_CODE = YES;
				CLANG_WARN__DUPLICATE_METHOD_MATCH = YES;
				COPY_PHASE_STRIP = NO;
				DEBUG_INFORMATION_FORMAT = "dwarf-with-dsym";
				ENABLE_NS_ASSERTIONS = NO;
				ENABLE_STRICT_OBJC_MSGSEND = YES;
				ENABLE_USER_SCRIPT_SANDBOXING = YES;
				GCC_C_LANGUAGE_STANDARD = gnu17;
				GCC_NO_COMMON_BLOCKS = YES;
				GCC_WARN_64_TO_32_BIT_CONVERSION = YES;
				GCC_WARN_ABOUT_RETURN_TYPE = YES_ERROR;
				GCC_WARN_UNDECLARED_SELECTOR = YES;
				GCC_WARN_UNINITIALIZED_AUTOS = YES_AGGRESSIVE;
				GCC_WARN_UNUSED_FUNCTION = YES;
				GCC_WARN_UNUSED_VARIABLE = YES;
				IPHONEOS_DEPLOYMENT_TARGET = 17.5;
				LOCALIZATION_PREFERS_STRING_CATALOGS = YES;
				MTL_ENABLE_DEBUG_INFO = NO;
				MTL_FAST_MATH = YES;
				SDKROOT = iphoneos;
				SWIFT_COMPILATION_MODE = wholemodule;
				VALIDATE_PRODUCT = YES;
			};
			name = Release;
		};
		5D6FDAFB2C3CE964003D98A5 /* Debug */ = {
			isa = XCBuildConfiguration;
			buildSettings = {
				ASSETCATALOG_COMPILER_APPICON_NAME = AppIcon;
				ASSETCATALOG_COMPILER_GLOBAL_ACCENT_COLOR_NAME = AccentColor;
				CODE_SIGN_STYLE = Automatic;
				CURRENT_PROJECT_VERSION = 1;
				DEVELOPMENT_TEAM = 46SPYP9L3R;
				GENERATE_INFOPLIST_FILE = YES;
				INFOPLIST_FILE = TicTacToe/Info.plist;
				INFOPLIST_KEY_UIApplicationSupportsIndirectInputEvents = YES;
				INFOPLIST_KEY_UILaunchStoryboardName = LaunchScreen;
				INFOPLIST_KEY_UIMainStoryboardFile = Main;
				INFOPLIST_KEY_UISupportedInterfaceOrientations_iPad = "UIInterfaceOrientationPortrait UIInterfaceOrientationPortraitUpsideDown UIInterfaceOrientationLandscapeLeft UIInterfaceOrientationLandscapeRight";
				INFOPLIST_KEY_UISupportedInterfaceOrientations_iPhone = "UIInterfaceOrientationPortrait UIInterfaceOrientationLandscapeLeft UIInterfaceOrientationLandscapeRight";
				IPHONEOS_DEPLOYMENT_TARGET = 15.0;
				LD_RUNPATH_SEARCH_PATHS = (
					"$(inherited)",
					"@executable_path/Frameworks",
				);
				MARKETING_VERSION = 1.0;
				PRODUCT_BUNDLE_IDENTIFIER = memo.com.TicTacToe;
				PRODUCT_NAME = "$(TARGET_NAME)";
				SWIFT_EMIT_LOC_STRINGS = YES;
				SWIFT_VERSION = 5.0;
				TARGETED_DEVICE_FAMILY = "1,2";
			};
			name = Debug;
		};
		5D6FDAFC2C3CE964003D98A5 /* Release */ = {
			isa = XCBuildConfiguration;
			buildSettings = {
				ASSETCATALOG_COMPILER_APPICON_NAME = AppIcon;
				ASSETCATALOG_COMPILER_GLOBAL_ACCENT_COLOR_NAME = AccentColor;
				CODE_SIGN_STYLE = Automatic;
				CURRENT_PROJECT_VERSION = 1;
				DEVELOPMENT_TEAM = 46SPYP9L3R;
				GENERATE_INFOPLIST_FILE = YES;
				INFOPLIST_FILE = TicTacToe/Info.plist;
				INFOPLIST_KEY_UIApplicationSupportsIndirectInputEvents = YES;
				INFOPLIST_KEY_UILaunchStoryboardName = LaunchScreen;
				INFOPLIST_KEY_UIMainStoryboardFile = Main;
				INFOPLIST_KEY_UISupportedInterfaceOrientations_iPad = "UIInterfaceOrientationPortrait UIInterfaceOrientationPortraitUpsideDown UIInterfaceOrientationLandscapeLeft UIInterfaceOrientationLandscapeRight";
				INFOPLIST_KEY_UISupportedInterfaceOrientations_iPhone = "UIInterfaceOrientationPortrait UIInterfaceOrientationLandscapeLeft UIInterfaceOrientationLandscapeRight";
				IPHONEOS_DEPLOYMENT_TARGET = 15.0;
				LD_RUNPATH_SEARCH_PATHS = (
					"$(inherited)",
					"@executable_path/Frameworks",
				);
				MARKETING_VERSION = 1.0;
				PRODUCT_BUNDLE_IDENTIFIER = memo.com.TicTacToe;
				PRODUCT_NAME = "$(TARGET_NAME)";
				SWIFT_EMIT_LOC_STRINGS = YES;
				SWIFT_VERSION = 5.0;
				TARGETED_DEVICE_FAMILY = "1,2";
			};
			name = Release;
		};
		5D6FDAFE2C3CE964003D98A5 /* Debug */ = {
			isa = XCBuildConfiguration;
			buildSettings = {
				ALWAYS_EMBED_SWIFT_STANDARD_LIBRARIES = YES;
				BUNDLE_LOADER = "$(TEST_HOST)";
				CODE_SIGN_STYLE = Automatic;
				CURRENT_PROJECT_VERSION = 1;
				DEVELOPMENT_TEAM = 4C8YN7P365;
				GENERATE_INFOPLIST_FILE = YES;
				IPHONEOS_DEPLOYMENT_TARGET = 17.5;
				MARKETING_VERSION = 1.0;
				PRODUCT_BUNDLE_IDENTIFIER = memo.com.TicTacToeTests;
				PRODUCT_NAME = "$(TARGET_NAME)";
				SWIFT_EMIT_LOC_STRINGS = NO;
				SWIFT_VERSION = 5.0;
				TARGETED_DEVICE_FAMILY = "1,2";
				TEST_HOST = "$(BUILT_PRODUCTS_DIR)/TicTacToe.app/$(BUNDLE_EXECUTABLE_FOLDER_PATH)/TicTacToe";
			};
			name = Debug;
		};
		5D6FDAFF2C3CE964003D98A5 /* Release */ = {
			isa = XCBuildConfiguration;
			buildSettings = {
				ALWAYS_EMBED_SWIFT_STANDARD_LIBRARIES = YES;
				BUNDLE_LOADER = "$(TEST_HOST)";
				CODE_SIGN_STYLE = Automatic;
				CURRENT_PROJECT_VERSION = 1;
				DEVELOPMENT_TEAM = 4C8YN7P365;
				GENERATE_INFOPLIST_FILE = YES;
				IPHONEOS_DEPLOYMENT_TARGET = 17.5;
				MARKETING_VERSION = 1.0;
				PRODUCT_BUNDLE_IDENTIFIER = memo.com.TicTacToeTests;
				PRODUCT_NAME = "$(TARGET_NAME)";
				SWIFT_EMIT_LOC_STRINGS = NO;
				SWIFT_VERSION = 5.0;
				TARGETED_DEVICE_FAMILY = "1,2";
				TEST_HOST = "$(BUILT_PRODUCTS_DIR)/TicTacToe.app/$(BUNDLE_EXECUTABLE_FOLDER_PATH)/TicTacToe";
			};
			name = Release;
		};
		5D6FDB012C3CE964003D98A5 /* Debug */ = {
			isa = XCBuildConfiguration;
			buildSettings = {
				ALWAYS_EMBED_SWIFT_STANDARD_LIBRARIES = YES;
				CODE_SIGN_STYLE = Automatic;
				CURRENT_PROJECT_VERSION = 1;
				DEVELOPMENT_TEAM = 4C8YN7P365;
				GENERATE_INFOPLIST_FILE = YES;
				MARKETING_VERSION = 1.0;
				PRODUCT_BUNDLE_IDENTIFIER = memo.com.TicTacToeUITests;
				PRODUCT_NAME = "$(TARGET_NAME)";
				SWIFT_EMIT_LOC_STRINGS = NO;
				SWIFT_VERSION = 5.0;
				TARGETED_DEVICE_FAMILY = "1,2";
				TEST_TARGET_NAME = TicTacToe;
			};
			name = Debug;
		};
		5D6FDB022C3CE964003D98A5 /* Release */ = {
			isa = XCBuildConfiguration;
			buildSettings = {
				ALWAYS_EMBED_SWIFT_STANDARD_LIBRARIES = YES;
				CODE_SIGN_STYLE = Automatic;
				CURRENT_PROJECT_VERSION = 1;
				DEVELOPMENT_TEAM = 4C8YN7P365;
				GENERATE_INFOPLIST_FILE = YES;
				MARKETING_VERSION = 1.0;
				PRODUCT_BUNDLE_IDENTIFIER = memo.com.TicTacToeUITests;
				PRODUCT_NAME = "$(TARGET_NAME)";
				SWIFT_EMIT_LOC_STRINGS = NO;
				SWIFT_VERSION = 5.0;
				TARGETED_DEVICE_FAMILY = "1,2";
				TEST_TARGET_NAME = TicTacToe;
			};
			name = Release;
		};
/* End XCBuildConfiguration section */

/* Begin XCConfigurationList section */
		5D6FDACB2C3CE962003D98A5 /* Build configuration list for PBXProject "TicTacToe" */ = {
			isa = XCConfigurationList;
			buildConfigurations = (
				5D6FDAF82C3CE964003D98A5 /* Debug */,
				5D6FDAF92C3CE964003D98A5 /* Release */,
			);
			defaultConfigurationIsVisible = 0;
			defaultConfigurationName = Release;
		};
		5D6FDAFA2C3CE964003D98A5 /* Build configuration list for PBXNativeTarget "TicTacToe" */ = {
			isa = XCConfigurationList;
			buildConfigurations = (
				5D6FDAFB2C3CE964003D98A5 /* Debug */,
				5D6FDAFC2C3CE964003D98A5 /* Release */,
			);
			defaultConfigurationIsVisible = 0;
			defaultConfigurationName = Release;
		};
		5D6FDAFD2C3CE964003D98A5 /* Build configuration list for PBXNativeTarget "TicTacToeTests" */ = {
			isa = XCConfigurationList;
			buildConfigurations = (
				5D6FDAFE2C3CE964003D98A5 /* Debug */,
				5D6FDAFF2C3CE964003D98A5 /* Release */,
			);
			defaultConfigurationIsVisible = 0;
			defaultConfigurationName = Release;
		};
		5D6FDB002C3CE964003D98A5 /* Build configuration list for PBXNativeTarget "TicTacToeUITests" */ = {
			isa = XCConfigurationList;
			buildConfigurations = (
				5D6FDB012C3CE964003D98A5 /* Debug */,
				5D6FDB022C3CE964003D98A5 /* Release */,
			);
			defaultConfigurationIsVisible = 0;
			defaultConfigurationName = Release;
		};
/* End XCConfigurationList section */
	};
	rootObject = 5D6FDAC82C3CE962003D98A5 /* Project object */;
}
